{
  "name": "bilitools",
  "version": "1.0.3",
  "lockfileVersion": 3,
  "requires": true,
  "packages": {
    "": {
      "name": "bilitools",
      "version": "1.0.3",
      "license": "MIT",
      "dependencies": {
        "@tauri-apps/api": "^1.5.2"
      },
      "devDependencies": {
        "@actions/github": "^6.0.0",
        "@tauri-apps/cli": "^1.5.8",
        "node-fetch": "^3.3.2"
      }
    },
    "node_modules/@actions/github": {
      "version": "6.0.0",
      "resolved": "https://mirrors.cloud.tencent.com/npm/@actions/github/-/github-6.0.0.tgz",
      "integrity": "sha512-alScpSVnYmjNEXboZjarjukQEzgCRmjMv6Xj47fsdnqGS73bjJNDpiiXmp8jr0UZLdUB6d9jW63IcmddUP+l0g==",
      "dev": true,
      "dependencies": {
        "@actions/http-client": "^2.2.0",
        "@octokit/core": "^5.0.1",
        "@octokit/plugin-paginate-rest": "^9.0.0",
        "@octokit/plugin-rest-endpoint-methods": "^10.0.0"
      }
    },
    "node_modules/@actions/http-client": {
      "version": "2.2.0",
      "resolved": "https://mirrors.cloud.tencent.com/npm/@actions/http-client/-/http-client-2.2.0.tgz",
      "integrity": "sha512-q+epW0trjVUUHboliPb4UF9g2msf+w61b32tAkFEwL/IwP0DQWgbCMM0Hbe3e3WXSKz5VcUXbzJQgy8Hkra/Lg==",
      "dev": true,
      "dependencies": {
        "tunnel": "^0.0.6",
        "undici": "^5.25.4"
      }
    },
    "node_modules/@fastify/busboy": {
      "version": "2.1.0",
      "resolved": "https://mirrors.cloud.tencent.com/npm/@fastify/busboy/-/busboy-2.1.0.tgz",
      "integrity": "sha512-+KpH+QxZU7O4675t3mnkQKcZZg56u+K/Ct2K+N2AZYNVK8kyeo/bI18tI8aPm3tvNNRyTWfj6s5tnGNlcbQRsA==",
      "dev": true,
      "engines": {
        "node": ">=14"
      }
    },
    "node_modules/@octokit/auth-token": {
      "version": "4.0.0",
      "resolved": "https://mirrors.cloud.tencent.com/npm/@octokit/auth-token/-/auth-token-4.0.0.tgz",
      "integrity": "sha512-tY/msAuJo6ARbK6SPIxZrPBms3xPbfwBrulZe0Wtr/DIY9lje2HeV1uoebShn6mx7SjCHif6EjMvoREj+gZ+SA==",
      "dev": true,
      "engines": {
        "node": ">= 18"
      }
    },
    "node_modules/@octokit/core": {
      "version": "5.1.0",
      "resolved": "https://mirrors.cloud.tencent.com/npm/@octokit/core/-/core-5.1.0.tgz",
      "integrity": "sha512-BDa2VAMLSh3otEiaMJ/3Y36GU4qf6GI+VivQ/P41NC6GHcdxpKlqV0ikSZ5gdQsmS3ojXeRx5vasgNTinF0Q4g==",
      "dev": true,
      "dependencies": {
        "@octokit/auth-token": "^4.0.0",
        "@octokit/graphql": "^7.0.0",
        "@octokit/request": "^8.0.2",
        "@octokit/request-error": "^5.0.0",
        "@octokit/types": "^12.0.0",
        "before-after-hook": "^2.2.0",
        "universal-user-agent": "^6.0.0"
      },
      "engines": {
        "node": ">= 18"
      }
    },
    "node_modules/@octokit/endpoint": {
      "version": "9.0.4",
      "resolved": "https://mirrors.cloud.tencent.com/npm/@octokit/endpoint/-/endpoint-9.0.4.tgz",
      "integrity": "sha512-DWPLtr1Kz3tv8L0UvXTDP1fNwM0S+z6EJpRcvH66orY6Eld4XBMCSYsaWp4xIm61jTWxK68BrR7ibO+vSDnZqw==",
      "dev": true,
      "dependencies": {
        "@octokit/types": "^12.0.0",
        "universal-user-agent": "^6.0.0"
      },
      "engines": {
        "node": ">= 18"
      }
    },
    "node_modules/@octokit/graphql": {
      "version": "7.0.2",
      "resolved": "https://mirrors.cloud.tencent.com/npm/@octokit/graphql/-/graphql-7.0.2.tgz",
      "integrity": "sha512-OJ2iGMtj5Tg3s6RaXH22cJcxXRi7Y3EBqbHTBRq+PQAqfaS8f/236fUrWhfSn8P4jovyzqucxme7/vWSSZBX2Q==",
      "dev": true,
      "dependencies": {
        "@octokit/request": "^8.0.1",
        "@octokit/types": "^12.0.0",
        "universal-user-agent": "^6.0.0"
      },
      "engines": {
        "node": ">= 18"
      }
    },
    "node_modules/@octokit/openapi-types": {
      "version": "19.1.0",
      "resolved": "https://mirrors.cloud.tencent.com/npm/@octokit/openapi-types/-/openapi-types-19.1.0.tgz",
      "integrity": "sha512-6G+ywGClliGQwRsjvqVYpklIfa7oRPA0vyhPQG/1Feh+B+wU0vGH1JiJ5T25d3g1JZYBHzR2qefLi9x8Gt+cpw==",
      "dev": true
    },
    "node_modules/@octokit/plugin-paginate-rest": {
      "version": "9.1.5",
      "resolved": "https://mirrors.cloud.tencent.com/npm/@octokit/plugin-paginate-rest/-/plugin-paginate-rest-9.1.5.tgz",
      "integrity": "sha512-WKTQXxK+bu49qzwv4qKbMMRXej1DU2gq017euWyKVudA6MldaSSQuxtz+vGbhxV4CjxpUxjZu6rM2wfc1FiWVg==",
      "dev": true,
      "dependencies": {
        "@octokit/types": "^12.4.0"
      },
      "engines": {
        "node": ">= 18"
      },
      "peerDependencies": {
        "@octokit/core": ">=5"
      }
    },
    "node_modules/@octokit/plugin-rest-endpoint-methods": {
      "version": "10.2.0",
      "resolved": "https://mirrors.cloud.tencent.com/npm/@octokit/plugin-rest-endpoint-methods/-/plugin-rest-endpoint-methods-10.2.0.tgz",
      "integrity": "sha512-ePbgBMYtGoRNXDyKGvr9cyHjQ163PbwD0y1MkDJCpkO2YH4OeXX40c4wYHKikHGZcpGPbcRLuy0unPUuafco8Q==",
      "dev": true,
      "dependencies": {
        "@octokit/types": "^12.3.0"
      },
      "engines": {
        "node": ">= 18"
      },
      "peerDependencies": {
        "@octokit/core": ">=5"
      }
    },
    "node_modules/@octokit/request": {
      "version": "8.1.6",
      "resolved": "https://mirrors.cloud.tencent.com/npm/@octokit/request/-/request-8.1.6.tgz",
      "integrity": "sha512-YhPaGml3ncZC1NfXpP3WZ7iliL1ap6tLkAp6MvbK2fTTPytzVUyUesBBogcdMm86uRYO5rHaM1xIWxigWZ17MQ==",
      "dev": true,
      "dependencies": {
        "@octokit/endpoint": "^9.0.0",
        "@octokit/request-error": "^5.0.0",
        "@octokit/types": "^12.0.0",
        "universal-user-agent": "^6.0.0"
      },
      "engines": {
        "node": ">= 18"
      }
    },
    "node_modules/@octokit/request-error": {
      "version": "5.0.1",
      "resolved": "https://mirrors.cloud.tencent.com/npm/@octokit/request-error/-/request-error-5.0.1.tgz",
      "integrity": "sha512-X7pnyTMV7MgtGmiXBwmO6M5kIPrntOXdyKZLigNfQWSEQzVxR4a4vo49vJjTWX70mPndj8KhfT4Dx+2Ng3vnBQ==",
      "dev": true,
      "dependencies": {
        "@octokit/types": "^12.0.0",
        "deprecation": "^2.0.0",
        "once": "^1.4.0"
      },
      "engines": {
        "node": ">= 18"
      }
    },
    "node_modules/@octokit/types": {
      "version": "12.4.0",
      "resolved": "https://mirrors.cloud.tencent.com/npm/@octokit/types/-/types-12.4.0.tgz",
      "integrity": "sha512-FLWs/AvZllw/AGVs+nJ+ELCDZZJk+kY0zMen118xhL2zD0s1etIUHm1odgjP7epxYU1ln7SZxEUWYop5bhsdgQ==",
      "dev": true,
      "dependencies": {
        "@octokit/openapi-types": "^19.1.0"
      }
    },
    "node_modules/@tauri-apps/api": {
      "version": "1.5.3",
      "resolved": "https://mirrors.cloud.tencent.com/npm/@tauri-apps/api/-/api-1.5.3.tgz",
      "integrity": "sha512-zxnDjHHKjOsrIzZm6nO5Xapb/BxqUq1tc7cGkFXsFkGTsSWgCPH1D8mm0XS9weJY2OaR73I3k3S+b7eSzJDfqA==",
      "engines": {
        "node": ">= 14.6.0",
        "npm": ">= 6.6.0",
        "yarn": ">= 1.19.1"
      },
      "funding": {
        "type": "opencollective",
        "url": "https://opencollective.com/tauri"
      }
    },
    "node_modules/@tauri-apps/cli": {
      "version": "1.5.9",
      "resolved": "https://mirrors.cloud.tencent.com/npm/@tauri-apps/cli/-/cli-1.5.9.tgz",
      "integrity": "sha512-knSt/9AvCTeyfC6wkyeouF9hBW/0Mzuw+5vBKEvzaGPQsfFJo1ZCp5FkdiZpGBBfnm09BhugasGRTGofzatfqQ==",
      "dev": true,
      "bin": {
        "tauri": "tauri.js"
      },
      "engines": {
        "node": ">= 10"
      },
      "funding": {
        "type": "opencollective",
        "url": "https://opencollective.com/tauri"
      },
      "optionalDependencies": {
        "@tauri-apps/cli-darwin-arm64": "1.5.9",
        "@tauri-apps/cli-darwin-x64": "1.5.9",
        "@tauri-apps/cli-linux-arm-gnueabihf": "1.5.9",
        "@tauri-apps/cli-linux-arm64-gnu": "1.5.9",
        "@tauri-apps/cli-linux-arm64-musl": "1.5.9",
        "@tauri-apps/cli-linux-x64-gnu": "1.5.9",
        "@tauri-apps/cli-linux-x64-musl": "1.5.9",
        "@tauri-apps/cli-win32-arm64-msvc": "1.5.9",
        "@tauri-apps/cli-win32-ia32-msvc": "1.5.9",
        "@tauri-apps/cli-win32-x64-msvc": "1.5.9"
      }
    },
    "node_modules/@tauri-apps/cli-darwin-arm64": {
      "version": "1.5.9",
      "resolved": "https://mirrors.cloud.tencent.com/npm/@tauri-apps/cli-darwin-arm64/-/cli-darwin-arm64-1.5.9.tgz",
      "integrity": "sha512-7C2Jf8f0gzv778mLYb7Eszqqv1bm9Wzews81MRTqKrUIcC+eZEtDXLex+JaEkEzFEUrgIafdOvMBVEavF030IA==",
      "cpu": [
        "arm64"
      ],
      "dev": true,
      "optional": true,
      "os": [
        "darwin"
      ],
      "engines": {
        "node": ">= 10"
      }
    },
    "node_modules/@tauri-apps/cli-darwin-x64": {
      "version": "1.5.9",
      "resolved": "https://mirrors.cloud.tencent.com/npm/@tauri-apps/cli-darwin-x64/-/cli-darwin-x64-1.5.9.tgz",
      "integrity": "sha512-LHKytpkofPYgH8RShWvwDa3hD1ws131x7g7zNasJPfOiCWLqYVQFUuQVmjEUt8+dpHe/P/err5h4z+YZru2d0A==",
      "cpu": [
        "x64"
      ],
      "dev": true,
      "optional": true,
      "os": [
        "darwin"
      ],
      "engines": {
        "node": ">= 10"
      }
    },
    "node_modules/@tauri-apps/cli-linux-arm-gnueabihf": {
      "version": "1.5.9",
      "resolved": "https://mirrors.cloud.tencent.com/npm/@tauri-apps/cli-linux-arm-gnueabihf/-/cli-linux-arm-gnueabihf-1.5.9.tgz",
      "integrity": "sha512-teGK20IYKx+dVn8wFq/Lg57Q9ce7foq1KHSfyHi464LVt1T0V1rsmULSgZpQPPj/NYPF5BG78PcWYv64yH86jw==",
      "cpu": [
        "arm"
      ],
      "dev": true,
      "optional": true,
      "os": [
        "linux"
      ],
      "engines": {
        "node": ">= 10"
      }
    },
    "node_modules/@tauri-apps/cli-linux-arm64-gnu": {
      "version": "1.5.9",
      "resolved": "https://mirrors.cloud.tencent.com/npm/@tauri-apps/cli-linux-arm64-gnu/-/cli-linux-arm64-gnu-1.5.9.tgz",
      "integrity": "sha512-onJ/DW5Crw38qVx+wquY4uBbfCxVhzhdJmlCYqnYyXsZZmSiPUfSyhV58y+5TYB0q1hG8eYdB5x8VAwzByhGzw==",
      "cpu": [
        "arm64"
      ],
      "dev": true,
      "optional": true,
      "os": [
        "linux"
      ],
      "engines": {
        "node": ">= 10"
      }
    },
    "node_modules/@tauri-apps/cli-linux-arm64-musl": {
      "version": "1.5.9",
      "resolved": "https://mirrors.cloud.tencent.com/npm/@tauri-apps/cli-linux-arm64-musl/-/cli-linux-arm64-musl-1.5.9.tgz",
      "integrity": "sha512-23AYoLD3acakLp9NtheKQDJl8F66eTOflxoPzdJNRy13hUSxb+W9qpz4rRA+CIzkjICFvO2i3UWjeV9QwDVpsQ==",
      "cpu": [
        "arm64"
      ],
      "dev": true,
      "optional": true,
      "os": [
        "linux"
      ],
      "engines": {
        "node": ">= 10"
      }
    },
    "node_modules/@tauri-apps/cli-linux-x64-gnu": {
      "version": "1.5.9",
      "resolved": "https://mirrors.cloud.tencent.com/npm/@tauri-apps/cli-linux-x64-gnu/-/cli-linux-x64-gnu-1.5.9.tgz",
      "integrity": "sha512-9PQA1rE7gh41W2ylyKd5qOGOds55ymaYPml9KOpM0g+cxmCXa+8Wf9K5NKvACnJldJJ6cekWzIyB4eN6o5T+yQ==",
      "cpu": [
        "x64"
      ],
      "dev": true,
      "optional": true,
      "os": [
        "linux"
      ],
      "engines": {
        "node": ">= 10"
      }
    },
    "node_modules/@tauri-apps/cli-linux-x64-musl": {
      "version": "1.5.9",
      "resolved": "https://mirrors.cloud.tencent.com/npm/@tauri-apps/cli-linux-x64-musl/-/cli-linux-x64-musl-1.5.9.tgz",
      "integrity": "sha512-5hdbNFeDsrJ/pXZ4cSQV4bJwUXPPxXxN3/pAtNUqIph7q+vLcBXOXIMoS64iuyaluJC59lhEwlWZFz+EPv0Hqg==",
      "cpu": [
        "x64"
      ],
      "dev": true,
      "optional": true,
      "os": [
        "linux"
      ],
      "engines": {
        "node": ">= 10"
      }
    },
    "node_modules/@tauri-apps/cli-win32-arm64-msvc": {
      "version": "1.5.9",
      "resolved": "https://mirrors.cloud.tencent.com/npm/@tauri-apps/cli-win32-arm64-msvc/-/cli-win32-arm64-msvc-1.5.9.tgz",
      "integrity": "sha512-O18JufjSB3hSJYu5WWByONouGeX7DraLAtXLErsG1r/VS3zHd/zyuzycrVUaObNXk5bfGlIP0Ypt+RvZJILN2w==",
      "cpu": [
        "arm64"
      ],
      "dev": true,
      "optional": true,
      "os": [
        "win32"
      ],
      "engines": {
        "node": ">= 10"
      }
    },
    "node_modules/@tauri-apps/cli-win32-ia32-msvc": {
      "version": "1.5.9",
      "resolved": "https://mirrors.cloud.tencent.com/npm/@tauri-apps/cli-win32-ia32-msvc/-/cli-win32-ia32-msvc-1.5.9.tgz",
      "integrity": "sha512-FQxtxTZu0JVBihfd/lmpxo7jyMOesjWQehfyVUqtgMfm5+Pvvw0Y+ZioeDi1TZkFVrT3QDYy8R4LqDLSZVMQRA==",
      "cpu": [
        "ia32"
      ],
      "dev": true,
      "optional": true,
      "os": [
        "win32"
      ],
      "engines": {
        "node": ">= 10"
      }
    },
    "node_modules/@tauri-apps/cli-win32-x64-msvc": {
      "version": "1.5.9",
      "resolved": "https://mirrors.cloud.tencent.com/npm/@tauri-apps/cli-win32-x64-msvc/-/cli-win32-x64-msvc-1.5.9.tgz",
      "integrity": "sha512-EeI1+L518cIBLKw0qUFwnLIySBeSmPQjPLIlNwSukHSro4tAQPHycEVGgKrdToiCWgaZJBA0e5aRSds0Du2TWg==",
      "cpu": [
        "x64"
      ],
      "dev": true,
      "optional": true,
      "os": [
        "win32"
      ],
      "engines": {
        "node": ">= 10"
      }
    },
    "node_modules/before-after-hook": {
      "version": "2.2.3",
      "resolved": "https://mirrors.cloud.tencent.com/npm/before-after-hook/-/before-after-hook-2.2.3.tgz",
      "integrity": "sha512-NzUnlZexiaH/46WDhANlyR2bXRopNg4F/zuSA3OpZnllCUgRaOF2znDioDWrmbNVsuZk6l9pMquQB38cfBZwkQ==",
      "dev": true
    },
    "node_modules/data-uri-to-buffer": {
      "version": "4.0.1",
      "resolved": "https://mirrors.cloud.tencent.com/npm/data-uri-to-buffer/-/data-uri-to-buffer-4.0.1.tgz",
      "integrity": "sha512-0R9ikRb668HB7QDxT1vkpuUBtqc53YyAwMwGeUFKRojY/NWKvdZ+9UYtRfGmhqNbRkTSVpMbmyhXipFFv2cb/A==",
      "dev": true,
      "engines": {
        "node": ">= 12"
      }
    },
    "node_modules/deprecation": {
      "version": "2.3.1",
      "resolved": "https://mirrors.cloud.tencent.com/npm/deprecation/-/deprecation-2.3.1.tgz",
      "integrity": "sha512-xmHIy4F3scKVwMsQ4WnVaS8bHOx0DmVwRywosKhaILI0ywMDWPtBSku2HNxRvF7jtwDRsoEwYQSfbxj8b7RlJQ==",
      "dev": true
    },
    "node_modules/fetch-blob": {
      "version": "3.2.0",
      "resolved": "https://mirrors.cloud.tencent.com/npm/fetch-blob/-/fetch-blob-3.2.0.tgz",
      "integrity": "sha512-7yAQpD2UMJzLi1Dqv7qFYnPbaPx7ZfFK6PiIxQ4PfkGPyNyl2Ugx+a/umUonmKqjhM4DnfbMvdX6otXq83soQQ==",
      "dev": true,
      "funding": [
        {
          "type": "github",
          "url": "https://github.com/sponsors/jimmywarting"
        },
        {
          "type": "paypal",
          "url": "https://paypal.me/jimmywarting"
        }
      ],
      "dependencies": {
        "node-domexception": "^1.0.0",
        "web-streams-polyfill": "^3.0.3"
      },
      "engines": {
        "node": "^12.20 || >= 14.13"
      }
    },
    "node_modules/formdata-polyfill": {
      "version": "4.0.10",
      "resolved": "https://mirrors.cloud.tencent.com/npm/formdata-polyfill/-/formdata-polyfill-4.0.10.tgz",
      "integrity": "sha512-buewHzMvYL29jdeQTVILecSaZKnt/RJWjoZCF5OW60Z67/GmSLBkOFM7qh1PI3zFNtJbaZL5eQu1vLfazOwj4g==",
      "dev": true,
      "dependencies": {
        "fetch-blob": "^3.1.2"
      },
      "engines": {
        "node": ">=12.20.0"
      }
    },
    "node_modules/node-domexception": {
      "version": "1.0.0",
      "resolved": "https://mirrors.cloud.tencent.com/npm/node-domexception/-/node-domexception-1.0.0.tgz",
      "integrity": "sha512-/jKZoMpw0F8GRwl4/eLROPA3cfcXtLApP0QzLmUT/HuPCZWyB7IY9ZrMeKw2O/nFIqPQB3PVM9aYm0F312AXDQ==",
      "dev": true,
      "funding": [
        {
          "type": "github",
          "url": "https://github.com/sponsors/jimmywarting"
        },
        {
          "type": "github",
          "url": "https://paypal.me/jimmywarting"
        }
      ],
      "engines": {
        "node": ">=10.5.0"
      }
    },
    "node_modules/node-fetch": {
      "version": "3.3.2",
      "resolved": "https://mirrors.cloud.tencent.com/npm/node-fetch/-/node-fetch-3.3.2.tgz",
      "integrity": "sha512-dRB78srN/l6gqWulah9SrxeYnxeddIG30+GOqK/9OlLVyLg3HPnr6SqOWTWOXKRwC2eGYCkZ59NNuSgvSrpgOA==",
      "dev": true,
      "dependencies": {
        "data-uri-to-buffer": "^4.0.0",
        "fetch-blob": "^3.1.4",
        "formdata-polyfill": "^4.0.10"
      },
      "engines": {
        "node": "^12.20.0 || ^14.13.1 || >=16.0.0"
      },
      "funding": {
        "type": "opencollective",
        "url": "https://opencollective.com/node-fetch"
      }
    },
    "node_modules/once": {
      "version": "1.4.0",
      "resolved": "https://mirrors.cloud.tencent.com/npm/once/-/once-1.4.0.tgz",
      "integrity": "sha1-WDsap3WWHUsROsF9nFC6753Xa9E=",
      "dev": true,
      "dependencies": {
        "wrappy": "1"
      }
    },
    "node_modules/tunnel": {
      "version": "0.0.6",
      "resolved": "https://mirrors.cloud.tencent.com/npm/tunnel/-/tunnel-0.0.6.tgz",
      "integrity": "sha512-1h/Lnq9yajKY2PEbBadPXj3VxsDDu844OnaAo52UVmIzIvwwtBPIuNvkjuzBlTWpfJyUbG3ez0KSBibQkj4ojg==",
      "dev": true,
      "engines": {
        "node": ">=0.6.11 <=0.7.0 || >=0.7.3"
      }
    },
    "node_modules/undici": {
      "version": "5.28.2",
      "resolved": "https://mirrors.cloud.tencent.com/npm/undici/-/undici-5.28.2.tgz",
      "integrity": "sha512-wh1pHJHnUeQV5Xa8/kyQhO7WFa8M34l026L5P/+2TYiakvGy5Rdc8jWZVyG7ieht/0WgJLEd3kcU5gKx+6GC8w==",
      "dev": true,
      "dependencies": {
        "@fastify/busboy": "^2.0.0"
      },
      "engines": {
        "node": ">=14.0"
      }
    },
    "node_modules/universal-user-agent": {
      "version": "6.0.1",
      "resolved": "https://mirrors.cloud.tencent.com/npm/universal-user-agent/-/universal-user-agent-6.0.1.tgz",
      "integrity": "sha512-yCzhz6FN2wU1NiiQRogkTQszlQSlpWaw8SvVegAc+bDxbzHgh1vX8uIe8OYyMH6DwH+sdTJsgMl36+mSMdRJIQ==",
      "dev": true
    },
    "node_modules/web-streams-polyfill": {
      "version": "3.3.2",
      "resolved": "https://mirrors.cloud.tencent.com/npm/web-streams-polyfill/-/web-streams-polyfill-3.3.2.tgz",
      "integrity": "sha512-3pRGuxRF5gpuZc0W+EpwQRmCD7gRqcDOMt688KmdlDAgAyaB1XlN0zq2njfDNm44XVdIouE7pZ6GzbdyH47uIQ==",
      "dev": true,
      "engines": {
        "node": ">= 8"
      }
    },
    "node_modules/wrappy": {
      "version": "1.0.2",
      "resolved": "https://mirrors.cloud.tencent.com/npm/wrappy/-/wrappy-1.0.2.tgz",
      "integrity": "sha1-tSQ9jz7BqjXxNkYFvA0QNuMKtp8=",
      "dev": true
    }
  }
}
